<?xml version="1.0" encoding="utf-8"?>
<Project ToolsVersion="4.0" xmlns="http://schemas.microsoft.com/developer/msbuild/2003">
  <ItemGroup>
    <Filter Include="Source Files">
      <UniqueIdentifier>{4FC737F1-C7A5-4376-A066-2A32D752A2FF}</UniqueIdentifier>
      <Extensions>cpp;c;cc;cxx;def;odl;idl;hpj;bat;asm;asmx</Extensions>
    </Filter>
    <Filter Include="Header Files">
      <UniqueIdentifier>{93995380-89BD-4b04-88EB-625FBE52EBFB}</UniqueIdentifier>
      <Extensions>h;hpp;hxx;hm;inl;inc;xsd</Extensions>
    </Filter>
    <Filter Include="Resource Files">
      <UniqueIdentifier>{67DA6AB6-F800-4c08-8B7A-83BB121AAD01}</UniqueIdentifier>
      <Extensions>rc;ico;cur;bmp;dlg;rc2;rct;bin;rgs;gif;jpg;jpeg;jpe;resx;tiff;tif;png;wav;mfcribbon-ms</Extensions>
    </Filter>
  </ItemGroup>
  <ItemGroup>
    <ClCompile Include="Battle.cpp">
      <Filter>Source Files</Filter>
    </ClCompile>
    <ClCompile Include="gotoxy.cpp">
      <Filter>Source Files</Filter>
    </ClCompile>
    <ClCompile Include="InputName.cpp">
      <Filter>Source Files</Filter>
    </ClCompile>
    <ClCompile Include="main.cpp">
      <Filter>Source Files</Filter>
    </ClCompile>
    <ClCompile Include="Select.cpp">
      <Filter>Source Files</Filter>
    </ClCompile>
    <ClCompile Include="textcolor.cpp">
      <Filter>Source Files</Filter>
    </ClCompile>
    <ClCompile Include="Title.cpp">
      <Filter>Source Files</Filter>
    </ClCompile>
    <ClCompile Include="CheckDuplication.cpp">
      <Filter>Source Files</Filter>
    </ClCompile>
    <ClCompile Include="Blink.cpp">
      <Filter>Source Files</Filter>
    </ClCompile>
    <ClCompile Include="CharacterExpression.cpp">
      <Filter>Source Files</Filter>
    </ClCompile>
    <ClCompile Include="CharacterDisplay.cpp">
      <Filter>Source Files</Filter>
    </ClCompile>
    <ClCompile Include="CharacterDisplayFunction.cpp">
      <Filter>Source Files</Filter>
    </ClCompile>
    <ClCompile Include="TheEnd.cpp">
      <Filter>Source Files</Filter>
    </ClCompile>
    <ClCompile Include="reset.cpp">
      <Filter>Source Files</Filter>
    </ClCompile>
    <ClCompile Include="resetFunction.cpp">
      <Filter>Source Files</Filter>
    </ClCompile>
    <ClCompile Include="StateDisplay.cpp">
      <Filter>Source Files</Filter>
    </ClCompile>
    <ClCompile Include="eraseMSG.cpp">
      <Filter>Source Files</Filter>
    </ClCompile>
    <ClCompile Include="outputMSG.cpp">
      <Filter>Source Files</Filter>
    </ClCompile>
    <ClCompile Include="getch_eraseMSG.cpp">
      <Filter>Source Files</Filter>
    </ClCompile>
    <ClCompile Include="ItemDeactivate.cpp">
      <Filter>Source Files</Filter>
    </ClCompile>
    <ClCompile Include="CharacterAttack.cpp">
      <Filter>Source Files</Filter>
    </ClCompile>
    <ClCompile Include="CharacterAttackFunction.cpp">
      <Filter>Source Files</Filter>
    </ClCompile>
    <ClCompile Include="CharacterBlink.cpp">
      <Filter>Source Files</Filter>
    </ClCompile>
    <ClCompile Include="CharacterBlinkFunction.cpp">
      <Filter>Source Files</Filter>
    </ClCompile>
    <ClCompile Include="Adjust_NegativeHealthPoint_To_Zero.cpp">
      <Filter>Source Files</Filter>
    </ClCompile>
    <ClCompile Include="Use_Item_or_Skill.cpp">
      <Filter>Source Files</Filter>
    </ClCompile>
    <ClCompile Include="ItemAcquire.cpp">
      <Filter>Source Files</Filter>
    </ClCompile>
    <ClCompile Include="arm.cpp">
      <Filter>Source Files</Filter>
    </ClCompile>
    <ClCompile Include="ItemAcquireFunction.cpp">
      <Filter>Source Files</Filter>
    </ClCompile>
    <ClCompile Include="EatItem.cpp">
      <Filter>Source Files</Filter>
    </ClCompile>
    <ClCompile Include="MouthOpenClose.cpp">
      <Filter>Source Files</Filter>
    </ClCompile>
    <ClCompile Include="boom.cpp">
      <Filter>Source Files</Filter>
    </ClCompile>
    <ClCompile Include="CharacterDown.cpp">
      <Filter>Source Files</Filter>
    </ClCompile>
    <ClCompile Include="CharacterDownFunction.cpp">
      <Filter>Source Files</Filter>
    </ClCompile>
    <ClCompile Include="Reward.cpp">
      <Filter>Source Files</Filter>
    </ClCompile>
    <ClCompile Include="StateCharacterDisplay.cpp">
      <Filter>Source Files</Filter>
    </ClCompile>
    <ClCompile Include="corn.cpp">
      <Filter>Source Files</Filter>
    </ClCompile>
    <ClCompile Include="SetCursortype.cpp">
      <Filter>Source Files</Filter>
    </ClCompile>
  </ItemGroup>
  <ItemGroup>
    <ClInclude Include="Header.h">
      <Filter>Header Files</Filter>
    </ClInclude>
  </ItemGroup>
</Project>